
Microsoft Visual Studio Solution File, Format Version 12.00
# Visual Studio Version 17
VisualStudioVersion = 17.4.33110.190
MinimumVisualStudioVersion = 10.0.40219.1
Project("{9A19103F-16F7-4668-BE54-9A1E7A4F7556}") = "LabUI", "LabUI\LabUI.csproj", "{8FC9D432-61B4-4844-94BF-C92574DF0C73}"
EndProject
Project("{FAE04EC0-301F-11D3-BF4B-00C04F79EFBC}") = "LabAPI", "LabAPI\LabAPI.csproj", "{ADC695C4-62C7-473C-BD1D-384A420F11EB}"
EndProject
Project("{2150E333-8FDC-42A3-9474-1A3956D46DE8}") = "Solution Items", "Solution Items", "{B175693B-C940-4D77-B38C-61805E8D2BD5}"
	ProjectSection(SolutionItems) = preProject
		README.md = README.md
	EndProjectSection
EndProject
Global
	GlobalSection(SolutionConfigurationPlatforms) = preSolution
		Debug|Any CPU = Debug|Any CPU
		Release|Any CPU = Release|Any CPU
	EndGlobalSection
	GlobalSection(ProjectConfigurationPlatforms) = postSolution
		{8FC9D432-61B4-4844-94BF-C92574DF0C73}.Debug|Any CPU.ActiveCfg = Debug|Any CPU
		{8FC9D432-61B4-4844-94BF-C92574DF0C73}.Debug|Any CPU.Build.0 = Debug|Any CPU
		{8FC9D432-61B4-4844-94BF-C92574DF0C73}.Release|Any CPU.ActiveCfg = Release|Any CPU
		{8FC9D432-61B4-4844-94BF-C92574DF0C73}.Release|Any CPU.Build.0 = Release|Any CPU
		{ADC695C4-62C7-473C-BD1D-384A420F11EB}.Debug|Any CPU.ActiveCfg = Debug|Any CPU
		{ADC695C4-62C7-473C-BD1D-384A420F11EB}.Debug|Any CPU.Build.0 = Debug|Any CPU
		{ADC695C4-62C7-473C-BD1D-384A420F11EB}.Release|Any CPU.ActiveCfg = Release|Any CPU
		{ADC695C4-62C7-473C-BD1D-384A420F11EB}.Release|Any CPU.Build.0 = Release|Any CPU
	EndGlobalSection
	GlobalSection(SolutionProperties) = preSolution
		HideSolutionNode = FALSE
	EndGlobalSection
	GlobalSection(ExtensibilityGlobals) = postSolution
		SolutionGuid = {F87616BA-A84B-4C28-B551-ADC54BC3A3D7}
	EndGlobalSection
EndGlobal
